
Microsoft Visual Studio Solution File, Format Version 12.00
# Visual Studio 15
Project("{FAE04EC0-301F-11D3-BF4B-00C04F79EFBC}") = "firstNet", "firstNet\firstNet.csproj", "{81F9CF14-54F7-462D-9417-3ACA37857DD5}"
EndProject
Global
	GlobalSection(SolutionConfigurationPlatforms) = preSolution
		Debug|Any CPU = Debug|Any CPU
		Release|Any CPU = Release|Any CPU
	EndGlobalSection
	GlobalSection(ProjectConfigurationPlatforms) = postSolution
		{81F9CF14-54F7-462D-9417-3ACA37857DD5}.Debug|Any CPU.ActiveCfg = Debug|Any CPU
		{81F9CF14-54F7-462D-9417-3ACA37857DD5}.Debug|Any CPU.Build.0 = Debug|Any CPU
		{81F9CF14-54F7-462D-9417-3ACA37857DD5}.Release|Any CPU.ActiveCfg = Release|Any CPU
		{81F9CF14-54F7-462D-9417-3ACA37857DD5}.Release|Any CPU.Build.0 = Release|Any CPU
	EndGlobalSection
EndGlobal
